// !$*UTF8*$!
{
	archiveVersion = 1;
	classes = {
	};
	objectVersion = 46;
	objects = {

/* Begin PBXBuildFile section */
		CB14D5591A7B58450065EFD7 /* AppDelegate.swift in Sources */ = {isa = PBXBuildFile; fileRef = CB14D5581A7B58450065EFD7 /* AppDelegate.swift */; };
		CB14D5601A7B58450065EFD7 /* Images.xcassets in Resources */ = {isa = PBXBuildFile; fileRef = CB14D55F1A7B58450065EFD7 /* Images.xcassets */; };
		CB14D5D01A7B5D870065EFD7 /* AVFoundation.framework in Frameworks */ = {isa = PBXBuildFile; fileRef = CB14D5CF1A7B5D870065EFD7 /* AVFoundation.framework */; };
		CB14D5D21A7B5D920065EFD7 /* CoreTelephony.framework in Frameworks */ = {isa = PBXBuildFile; fileRef = CB14D5D11A7B5D920065EFD7 /* CoreTelephony.framework */; };
		CB14D5D41A7B5DAF0065EFD7 /* CoreMedia.framework in Frameworks */ = {isa = PBXBuildFile; fileRef = CB14D5D31A7B5DAF0065EFD7 /* CoreMedia.framework */; };
		CB14D6241A7B82530065EFD7 /* CONFIG.swift in Sources */ = {isa = PBXBuildFile; fileRef = CB14D6231A7B82530065EFD7 /* CONFIG.swift */; };
		CB1E1D531A8072000085C939 /* MacroDefinition.swift in Sources */ = {isa = PBXBuildFile; fileRef = CB1E1D521A8072000085C939 /* MacroDefinition.swift */; };
		CBA4371E1DCB2F4F0051BF4A /* libSuperIDSDK.a in Frameworks */ = {isa = PBXBuildFile; fileRef = CBA437121DCB2F4F0051BF4A /* libSuperIDSDK.a */; };
		CBA4371F1DCB2F500051BF4A /* SuperIDSDKSettings.bundle in Resources */ = {isa = PBXBuildFile; fileRef = CBA4371D1DCB2F4F0051BF4A /* SuperIDSDKSettings.bundle */; };
		CBBD2B141DCB3F6D00DEF60F /* HomeViewController.swift in Sources */ = {isa = PBXBuildFile; fileRef = CBBD2B131DCB3F6D00DEF60F /* HomeViewController.swift */; };
		CBBD2B171DCB423300DEF60F /* Main.storyboard in Resources */ = {isa = PBXBuildFile; fileRef = CBBD2B161DCB423300DEF60F /* Main.storyboard */; };
		CBBD2B1C1DCC295400DEF60F /* CustomFaceFeatureVC.swift in Sources */ = {isa = PBXBuildFile; fileRef = CBBD2B1A1DCC295400DEF60F /* CustomFaceFeatureVC.swift */; };
		CBBD2B1D1DCC295400DEF60F /* CustomFaceFeatureVC.xib in Resources */ = {isa = PBXBuildFile; fileRef = CBBD2B1B1DCC295400DEF60F /* CustomFaceFeatureVC.xib */; };
		CBBD2B201DCC2EDA00DEF60F /* CustomSearchFaceVC.swift in Sources */ = {isa = PBXBuildFile; fileRef = CBBD2B1E1DCC2EDA00DEF60F /* CustomSearchFaceVC.swift */; };
		CBBD2B211DCC2EDA00DEF60F /* CustomSearchFaceVC.xib in Resources */ = {isa = PBXBuildFile; fileRef = CBBD2B1F1DCC2EDA00DEF60F /* CustomSearchFaceVC.xib */; };
/* End PBXBuildFile section */

/* Begin PBXFileReference section */
		CB14D5531A7B58450065EFD7 /* SuperID_SwiftDemo.app */ = {isa = PBXFileReference; explicitFileType = wrapper.application; includeInIndex = 0; path = SuperID_SwiftDemo.app; sourceTree = BUILT_PRODUCTS_DIR; };
		CB14D5571A7B58450065EFD7 /* Info.plist */ = {isa = PBXFileReference; lastKnownFileType = text.plist.xml; path = Info.plist; sourceTree = "<group>"; };
		CB14D5581A7B58450065EFD7 /* AppDelegate.swift */ = {isa = PBXFileReference; lastKnownFileType = sourcecode.swift; path = AppDelegate.swift; sourceTree = "<group>"; };
		CB14D55F1A7B58450065EFD7 /* Images.xcassets */ = {isa = PBXFileReference; lastKnownFileType = folder.assetcatalog; path = Images.xcassets; sourceTree = "<group>"; };
		CB14D5BC1A7B5AA20065EFD7 /* SuperIDSDK-Bridging-Header.h */ = {isa = PBXFileReference; lastKnownFileType = sourcecode.c.h; path = "SuperIDSDK-Bridging-Header.h"; sourceTree = "<group>"; };
		CB14D5CD1A7B5D7E0065EFD7 /* libc++.dylib */ = {isa = PBXFileReference; lastKnownFileType = "compiled.mach-o.dylib"; name = "libc++.dylib"; path = "usr/lib/libc++.dylib"; sourceTree = SDKROOT; };
		CB14D5CF1A7B5D870065EFD7 /* AVFoundation.framework */ = {isa = PBXFileReference; lastKnownFileType = wrapper.framework; name = AVFoundation.framework; path = System/Library/Frameworks/AVFoundation.framework; sourceTree = SDKROOT; };
		CB14D5D11A7B5D920065EFD7 /* CoreTelephony.framework */ = {isa = PBXFileReference; lastKnownFileType = wrapper.framework; name = CoreTelephony.framework; path = System/Library/Frameworks/CoreTelephony.framework; sourceTree = SDKROOT; };
		CB14D5D31A7B5DAF0065EFD7 /* CoreMedia.framework */ = {isa = PBXFileReference; lastKnownFileType = wrapper.framework; name = CoreMedia.framework; path = System/Library/Frameworks/CoreMedia.framework; sourceTree = SDKROOT; };
		CB14D6231A7B82530065EFD7 /* CONFIG.swift */ = {isa = PBXFileReference; fileEncoding = 4; lastKnownFileType = sourcecode.swift; path = CONFIG.swift; sourceTree = "<group>"; };
		CB1E1D521A8072000085C939 /* MacroDefinition.swift */ = {isa = PBXFileReference; fileEncoding = 4; lastKnownFileType = sourcecode.swift; path = MacroDefinition.swift; sourceTree = "<group>"; };
		CBA437121DCB2F4F0051BF4A /* libSuperIDSDK.a */ = {isa = PBXFileReference; lastKnownFileType = archive.ar; path = libSuperIDSDK.a; sourceTree = "<group>"; };
		CBA437131DCB2F4F0051BF4A /* SIDAppUserInfoModel.h */ = {isa = PBXFileReference; fileEncoding = 4; lastKnownFileType = sourcecode.c.h; path = SIDAppUserInfoModel.h; sourceTree = "<group>"; };
		CBA437141DCB2F4F0051BF4A /* SIDCameraManagerViewController.h */ = {isa = PBXFileReference; fileEncoding = 4; lastKnownFileType = sourcecode.c.h; path = SIDCameraManagerViewController.h; sourceTree = "<group>"; };
		CBA437151DCB2F4F0051BF4A /* SIDCameraPreviewView.h */ = {isa = PBXFileReference; fileEncoding = 4; lastKnownFileType = sourcecode.c.h; path = SIDCameraPreviewView.h; sourceTree = "<group>"; };
		CBA437161DCB2F4F0051BF4A /* SIDCoreLoginKit.h */ = {isa = PBXFileReference; fileEncoding = 4; lastKnownFileType = sourcecode.c.h; path = SIDCoreLoginKit.h; sourceTree = "<group>"; };
		CBA437171DCB2F4F0051BF4A /* SIDFaceFeatureViewController.h */ = {isa = PBXFileReference; fileEncoding = 4; lastKnownFileType = sourcecode.c.h; path = SIDFaceFeatureViewController.h; sourceTree = "<group>"; };
		CBA437181DCB2F4F0051BF4A /* SIDHeader.h */ = {isa = PBXFileReference; fileEncoding = 4; lastKnownFileType = sourcecode.c.h; path = SIDHeader.h; sourceTree = "<group>"; };
		CBA437191DCB2F4F0051BF4A /* SIDImageFilterCommon.h */ = {isa = PBXFileReference; fileEncoding = 4; lastKnownFileType = sourcecode.c.h; path = SIDImageFilterCommon.h; sourceTree = "<group>"; };
		CBA4371A1DCB2F4F0051BF4A /* SIDSearchFaceViewController.h */ = {isa = PBXFileReference; fileEncoding = 4; lastKnownFileType = sourcecode.c.h; path = SIDSearchFaceViewController.h; sourceTree = "<group>"; };
		CBA4371B1DCB2F4F0051BF4A /* SuperID.h */ = {isa = PBXFileReference; fileEncoding = 4; lastKnownFileType = sourcecode.c.h; path = SuperID.h; sourceTree = "<group>"; };
		CBA4371C1DCB2F4F0051BF4A /* SuperIDDelegate.h */ = {isa = PBXFileReference; fileEncoding = 4; lastKnownFileType = sourcecode.c.h; path = SuperIDDelegate.h; sourceTree = "<group>"; };
		CBA4371D1DCB2F4F0051BF4A /* SuperIDSDKSettings.bundle */ = {isa = PBXFileReference; lastKnownFileType = "wrapper.plug-in"; path = SuperIDSDKSettings.bundle; sourceTree = "<group>"; };
		CBBD2B131DCB3F6D00DEF60F /* HomeViewController.swift */ = {isa = PBXFileReference; fileEncoding = 4; lastKnownFileType = sourcecode.swift; name = HomeViewController.swift; path = SuperID_SwiftDemo/Controllers/HomeViewController.swift; sourceTree = "<group>"; };
		CBBD2B161DCB423300DEF60F /* Main.storyboard */ = {isa = PBXFileReference; fileEncoding = 4; lastKnownFileType = file.storyboard; name = Main.storyboard; path = SuperID_SwiftDemo/Main.storyboard; sourceTree = "<group>"; };
		CBBD2B1A1DCC295400DEF60F /* CustomFaceFeatureVC.swift */ = {isa = PBXFileReference; fileEncoding = 4; lastKnownFileType = sourcecode.swift; name = CustomFaceFeatureVC.swift; path = SuperID_SwiftDemo/Controllers/CustomFaceFeatureVC.swift; sourceTree = "<group>"; };
		CBBD2B1B1DCC295400DEF60F /* CustomFaceFeatureVC.xib */ = {isa = PBXFileReference; fileEncoding = 4; lastKnownFileType = file.xib; name = CustomFaceFeatureVC.xib; path = SuperID_SwiftDemo/Controllers/CustomFaceFeatureVC.xib; sourceTree = "<group>"; };
		CBBD2B1E1DCC2EDA00DEF60F /* CustomSearchFaceVC.swift */ = {isa = PBXFileReference; fileEncoding = 4; lastKnownFileType = sourcecode.swift; name = CustomSearchFaceVC.swift; path = SuperID_SwiftDemo/Controllers/CustomSearchFaceVC.swift; sourceTree = "<group>"; };
		CBBD2B1F1DCC2EDA00DEF60F /* CustomSearchFaceVC.xib */ = {isa = PBXFileReference; fileEncoding = 4; lastKnownFileType = file.xib; name = CustomSearchFaceVC.xib; path = SuperID_SwiftDemo/Controllers/CustomSearchFaceVC.xib; sourceTree = "<group>"; };
/* End PBXFileReference section */

/* Begin PBXFrameworksBuildPhase section */
		CB14D5501A7B58450065EFD7 /* Frameworks */ = {
			isa = PBXFrameworksBuildPhase;
			buildActionMask = 2147483647;
			files = (
				CB14D5D41A7B5DAF0065EFD7 /* CoreMedia.framework in Frameworks */,
				CB14D5D21A7B5D920065EFD7 /* CoreTelephony.framework in Frameworks */,
				CB14D5D01A7B5D870065EFD7 /* AVFoundation.framework in Frameworks */,
				CBA4371E1DCB2F4F0051BF4A /* libSuperIDSDK.a in Frameworks */,
			);
			runOnlyForDeploymentPostprocessing = 0;
		};
/* End PBXFrameworksBuildPhase section */

/* Begin PBXGroup section */
		CB14D54A1A7B58450065EFD7 = {
			isa = PBXGroup;
			children = (
				CBBD2B161DCB423300DEF60F /* Main.storyboard */,
				CBA437111DCB2F4F0051BF4A /* SuperID-SDK-iOS */,
				CB14D5551A7B58450065EFD7 /* SuperID_SwiftDemo */,
				CBBD2B151DCB3F7500DEF60F /* Controllers */,
				CB14D6141A7B7CA60065EFD7 /* Frameworks */,
				CB14D5541A7B58450065EFD7 /* Products */,
			);
			sourceTree = "<group>";
		};
		CB14D5541A7B58450065EFD7 /* Products */ = {
			isa = PBXGroup;
			children = (
				CB14D5531A7B58450065EFD7 /* SuperID_SwiftDemo.app */,
			);
			name = Products;
			sourceTree = "<group>";
		};
		CB14D5551A7B58450065EFD7 /* SuperID_SwiftDemo */ = {
			isa = PBXGroup;
			children = (
				CB14D5BC1A7B5AA20065EFD7 /* SuperIDSDK-Bridging-Header.h */,
				CB14D5581A7B58450065EFD7 /* AppDelegate.swift */,
				CB14D55F1A7B58450065EFD7 /* Images.xcassets */,
				CB14D5561A7B58450065EFD7 /* Supporting Files */,
			);
			path = SuperID_SwiftDemo;
			sourceTree = "<group>";
		};
		CB14D5561A7B58450065EFD7 /* Supporting Files */ = {
			isa = PBXGroup;
			children = (
				CB14D5571A7B58450065EFD7 /* Info.plist */,
				CB14D6231A7B82530065EFD7 /* CONFIG.swift */,
				CB1E1D521A8072000085C939 /* MacroDefinition.swift */,
			);
			name = "Supporting Files";
			sourceTree = "<group>";
		};
		CB14D6141A7B7CA60065EFD7 /* Frameworks */ = {
			isa = PBXGroup;
			children = (
				CB14D5D31A7B5DAF0065EFD7 /* CoreMedia.framework */,
				CB14D5D11A7B5D920065EFD7 /* CoreTelephony.framework */,
				CB14D5CF1A7B5D870065EFD7 /* AVFoundation.framework */,
				CB14D5CD1A7B5D7E0065EFD7 /* libc++.dylib */,
			);
			name = Frameworks;
			sourceTree = "<group>";
		};
		CBA437111DCB2F4F0051BF4A /* SuperID-SDK-iOS */ = {
			isa = PBXGroup;
			children = (
				CBA437121DCB2F4F0051BF4A /* libSuperIDSDK.a */,
				CBA437131DCB2F4F0051BF4A /* SIDAppUserInfoModel.h */,
				CBA437141DCB2F4F0051BF4A /* SIDCameraManagerViewController.h */,
				CBA437151DCB2F4F0051BF4A /* SIDCameraPreviewView.h */,
				CBA437161DCB2F4F0051BF4A /* SIDCoreLoginKit.h */,
				CBA437171DCB2F4F0051BF4A /* SIDFaceFeatureViewController.h */,
				CBA437181DCB2F4F0051BF4A /* SIDHeader.h */,
				CBA437191DCB2F4F0051BF4A /* SIDImageFilterCommon.h */,
				CBA4371A1DCB2F4F0051BF4A /* SIDSearchFaceViewController.h */,
				CBA4371B1DCB2F4F0051BF4A /* SuperID.h */,
				CBA4371C1DCB2F4F0051BF4A /* SuperIDDelegate.h */,
				CBA4371D1DCB2F4F0051BF4A /* SuperIDSDKSettings.bundle */,
			);
			name = "SuperID-SDK-iOS";
			path = "../../../TempFile/superid-ios-sdk/SuperID-SDK-iOS";
			sourceTree = "<group>";
		};
		CBBD2B151DCB3F7500DEF60F /* Controllers */ = {
			isa = PBXGroup;
			children = (
				CBBD2B131DCB3F6D00DEF60F /* HomeViewController.swift */,
				CBBD2B1A1DCC295400DEF60F /* CustomFaceFeatureVC.swift */,
				CBBD2B1B1DCC295400DEF60F /* CustomFaceFeatureVC.xib */,
				CBBD2B1E1DCC2EDA00DEF60F /* CustomSearchFaceVC.swift */,
				CBBD2B1F1DCC2EDA00DEF60F /* CustomSearchFaceVC.xib */,
			);
			name = Controllers;
			sourceTree = "<group>";
		};
/* End PBXGroup section */

/* Begin PBXNativeTarget section */
		CB14D5521A7B58450065EFD7 /* SuperID_SwiftDemo */ = {
			isa = PBXNativeTarget;
			buildConfigurationList = CB14D5721A7B58450065EFD7 /* Build configuration list for PBXNativeTarget "SuperID_SwiftDemo" */;
			buildPhases = (
				CB14D54F1A7B58450065EFD7 /* Sources */,
				CB14D5501A7B58450065EFD7 /* Frameworks */,
				CB14D5511A7B58450065EFD7 /* Resources */,
			);
			buildRules = (
			);
			dependencies = (
			);
			name = SuperID_SwiftDemo;
			productName = SuperID_SwiftDemo;
			productReference = CB14D5531A7B58450065EFD7 /* SuperID_SwiftDemo.app */;
			productType = "com.apple.product-type.application";
		};
/* End PBXNativeTarget section */

/* Begin PBXProject section */
		CB14D54B1A7B58450065EFD7 /* Project object */ = {
			isa = PBXProject;
			attributes = {
				LastSwiftMigration = 0700;
				LastSwiftUpdateCheck = 0700;
				LastUpgradeCheck = 0800;
				ORGANIZATIONNAME = GYX;
				TargetAttributes = {
					CB14D5521A7B58450065EFD7 = {
						CreatedOnToolsVersion = 6.1.1;
						DevelopmentTeam = CV2JKHPWU5;
						LastSwiftMigration = 0800;
					};
				};
			};
			buildConfigurationList = CB14D54E1A7B58450065EFD7 /* Build configuration list for PBXProject "SuperID_SwiftDemo" */;
			compatibilityVersion = "Xcode 3.2";
			developmentRegion = English;
			hasScannedForEncodings = 0;
			knownRegions = (
				en,
				Base,
			);
			mainGroup = CB14D54A1A7B58450065EFD7;
			productRefGroup = CB14D5541A7B58450065EFD7 /* Products */;
			projectDirPath = "";
			projectRoot = "";
			targets = (
				CB14D5521A7B58450065EFD7 /* SuperID_SwiftDemo */,
			);
		};
/* End PBXProject section */

/* Begin PBXResourcesBuildPhase section */
		CB14D5511A7B58450065EFD7 /* Resources */ = {
			isa = PBXResourcesBuildPhase;
			buildActionMask = 2147483647;
			files = (
				CBBD2B171DCB423300DEF60F /* Main.storyboard in Resources */,
				CBA4371F1DCB2F500051BF4A /* SuperIDSDKSettings.bundle in Resources */,
				CB14D5601A7B58450065EFD7 /* Images.xcassets in Resources */,
				CBBD2B1D1DCC295400DEF60F /* CustomFaceFeatureVC.xib in Resources */,
				CBBD2B211DCC2EDA00DEF60F /* CustomSearchFaceVC.xib in Resources */,
			);
			runOnlyForDeploymentPostprocessing = 0;
		};
/* End PBXResourcesBuildPhase section */

/* Begin PBXSourcesBuildPhase section */
		CB14D54F1A7B58450065EFD7 /* Sources */ = {
			isa = PBXSourcesBuildPhase;
			buildActionMask = 2147483647;
			files = (
				CBBD2B201DCC2EDA00DEF60F /* CustomSearchFaceVC.swift in Sources */,
				CB14D6241A7B82530065EFD7 /* CONFIG.swift in Sources */,
				CBBD2B1C1DCC295400DEF60F /* CustomFaceFeatureVC.swift in Sources */,
				CBBD2B141DCB3F6D00DEF60F /* HomeViewController.swift in Sources */,
				CB1E1D531A8072000085C939 /* MacroDefinition.swift in Sources */,
				CB14D5591A7B58450065EFD7 /* AppDelegate.swift in Sources */,
			);
			runOnlyForDeploymentPostprocessing = 0;
		};
/* End PBXSourcesBuildPhase section */

/* Begin XCBuildConfiguration section */
		CB14D5701A7B58450065EFD7 /* Debug */ = {
			isa = XCBuildConfiguration;
			buildSettings = {
				ALWAYS_SEARCH_USER_PATHS = NO;
				CLANG_CXX_LANGUAGE_STANDARD = "gnu++0x";
				CLANG_CXX_LIBRARY = "libc++";
				CLANG_ENABLE_MODULES = YES;
				CLANG_ENABLE_OBJC_ARC = YES;
				CLANG_WARN_BOOL_CONVERSION = YES;
				CLANG_WARN_CONSTANT_CONVERSION = YES;
				CLANG_WARN_DIRECT_OBJC_ISA_USAGE = YES_ERROR;
				CLANG_WARN_EMPTY_BODY = YES;
				CLANG_WARN_ENUM_CONVERSION = YES;
				CLANG_WARN_INFINITE_RECURSION = YES;
				CLANG_WARN_INT_CONVERSION = YES;
				CLANG_WARN_OBJC_ROOT_CLASS = YES_ERROR;
				CLANG_WARN_SUSPICIOUS_MOVE = YES;
				CLANG_WARN_UNREACHABLE_CODE = YES;
				CLANG_WARN__DUPLICATE_METHOD_MATCH = YES;
				"CODE_SIGN_IDENTITY[sdk=iphoneos*]" = "iPhone Developer";
				COPY_PHASE_STRIP = NO;
				ENABLE_STRICT_OBJC_MSGSEND = YES;
				ENABLE_TESTABILITY = YES;
				GCC_C_LANGUAGE_STANDARD = gnu99;
				GCC_DYNAMIC_NO_PIC = NO;
				GCC_NO_COMMON_BLOCKS = YES;
				GCC_OPTIMIZATION_LEVEL = 0;
				GCC_PREPROCESSOR_DEFINITIONS = (
					"DEBUG=1",
					"$(inherited)",
				);
				GCC_SYMBOLS_PRIVATE_EXTERN = NO;
				GCC_WARN_64_TO_32_BIT_CONVERSION = YES;
				GCC_WARN_ABOUT_RETURN_TYPE = YES_ERROR;
				GCC_WARN_UNDECLARED_SELECTOR = YES;
				GCC_WARN_UNINITIALIZED_AUTOS = YES_AGGRESSIVE;
				GCC_WARN_UNUSED_FUNCTION = YES;
				GCC_WARN_UNUSED_VARIABLE = YES;
				IPHONEOS_DEPLOYMENT_TARGET = 8.1;
				MTL_ENABLE_DEBUG_INFO = YES;
				ONLY_ACTIVE_ARCH = YES;
				SDKROOT = iphoneos;
				SWIFT_OPTIMIZATION_LEVEL = "-Onone";
			};
			name = Debug;
		};
		CB14D5711A7B58450065EFD7 /* Release */ = {
			isa = XCBuildConfiguration;
			buildSettings = {
				ALWAYS_SEARCH_USER_PATHS = NO;
				CLANG_CXX_LANGUAGE_STANDARD = "gnu++0x";
				CLANG_CXX_LIBRARY = "libc++";
				CLANG_ENABLE_MODULES = YES;
				CLANG_ENABLE_OBJC_ARC = YES;
				CLANG_WARN_BOOL_CONVERSION = YES;
				CLANG_WARN_CONSTANT_CONVERSION = YES;
				CLANG_WARN_DIRECT_OBJC_ISA_USAGE = YES_ERROR;
				CLANG_WARN_EMPTY_BODY = YES;
				CLANG_WARN_ENUM_CONVERSION = YES;
				CLANG_WARN_INFINITE_RECURSION = YES;
				CLANG_WARN_INT_CONVERSION = YES;
				CLANG_WARN_OBJC_ROOT_CLASS = YES_ERROR;
				CLANG_WARN_SUSPICIOUS_MOVE = YES;
				CLANG_WARN_UNREACHABLE_CODE = YES;
				CLANG_WARN__DUPLICATE_METHOD_MATCH = YES;
				"CODE_SIGN_IDENTITY[sdk=iphoneos*]" = "iPhone Developer";
				COPY_PHASE_STRIP = YES;
				ENABLE_NS_ASSERTIONS = NO;
				ENABLE_STRICT_OBJC_MSGSEND = YES;
				GCC_C_LANGUAGE_STANDARD = gnu99;
				GCC_NO_COMMON_BLOCKS = YES;
				GCC_WARN_64_TO_32_BIT_CONVERSION = YES;
				GCC_WARN_ABOUT_RETURN_TYPE = YES_ERROR;
				GCC_WARN_UNDECLARED_SELECTOR = YES;
				GCC_WARN_UNINITIALIZED_AUTOS = YES_AGGRESSIVE;
				GCC_WARN_UNUSED_FUNCTION = YES;
				GCC_WARN_UNUSED_VARIABLE = YES;
				IPHONEOS_DEPLOYMENT_TARGET = 8.1;
				MTL_ENABLE_DEBUG_INFO = NO;
				SDKROOT = iphoneos;
				SWIFT_OPTIMIZATION_LEVEL = "-Owholemodule";
				VALIDATE_PRODUCT = YES;
			};
			name = Release;
		};
		CB14D5731A7B58450065EFD7 /* Debug */ = {
			isa = XCBuildConfiguration;
			buildSettings = {
				ASSETCATALOG_COMPILER_APPICON_NAME = AppIcon;
				ASSETCATALOG_COMPILER_LAUNCHIMAGE_NAME = LaunchImage;
				CODE_SIGN_IDENTITY = "iPhone Developer";
				"CODE_SIGN_IDENTITY[sdk=iphoneos*]" = "iPhone Developer";
				ENABLE_BITCODE = NO;
				INFOPLIST_FILE = SuperID_SwiftDemo/Info.plist;
				INFOPLIST_OTHER_PREPROCESSOR_FLAGS = "";
				LD_RUNPATH_SEARCH_PATHS = "$(inherited) @executable_path/Frameworks";
				LIBRARY_SEARCH_PATHS = (
					"$(inherited)",
					"$(PROJECT_DIR)/SuperID-SDK-iOS",
				);
				ONLY_ACTIVE_ARCH = NO;
				OTHER_LDFLAGS = (
					"-lstdc++",
					"-Objc",
					"-force_load",
					"$(PROJECT_DIR)/SuperID-SDK-iOS/libSuperIDSDK.a",
				);
				PRODUCT_BUNDLE_IDENTIFIER = "yourtion.SuperID-SwiftDemo";
				PRODUCT_NAME = "$(TARGET_NAME)";
				PROVISIONING_PROFILE = "";
				SWIFT_OBJC_BRIDGING_HEADER = "$(PROJECT_DIR)/SuperID_SwiftDemo/SuperIDSDK-Bridging-Header.h";
				SWIFT_VERSION = 3.0;
				VALID_ARCHS = "arm64 armv7s armv7";
			};
			name = Debug;
		};
		CB14D5741A7B58450065EFD7 /* Release */ = {
			isa = XCBuildConfiguration;
			buildSettings = {
				ASSETCATALOG_COMPILER_APPICON_NAME = AppIcon;
				ASSETCATALOG_COMPILER_LAUNCHIMAGE_NAME = LaunchImage;
				CODE_SIGN_IDENTITY = "iPhone Developer";
				"CODE_SIGN_IDENTITY[sdk=iphoneos*]" = "iPhone Developer";
				ENABLE_BITCODE = NO;
				INFOPLIST_FILE = SuperID_SwiftDemo/Info.plist;
				INFOPLIST_OTHER_PREPROCESSOR_FLAGS = "";
				LD_RUNPATH_SEARCH_PATHS = "$(inherited) @executable_path/Frameworks";
				LIBRARY_SEARCH_PATHS = (
					"$(inherited)",
					"$(PROJECT_DIR)/SuperID-SDK-iOS",
				);
				OTHER_LDFLAGS = (
					"-lstdc++",
					"-Objc",
					"-force_load",
					"$(PROJECT_DIR)/SuperID-SDK-iOS/libSuperIDSDK.a",
				);
				PRODUCT_BUNDLE_IDENTIFIER = "yourtion.SuperID-SwiftDemo";
				PRODUCT_NAME = "$(TARGET_NAME)";
				PROVISIONING_PROFILE = "";
				SWIFT_OBJC_BRIDGING_HEADER = "$(PROJECT_DIR)/SuperID_SwiftDemo/SuperIDSDK-Bridging-Header.h";
				SWIFT_VERSION = 3.0;
				VALID_ARCHS = "arm64 armv7s armv7";
			};
			name = Release;
		};
/* End XCBuildConfiguration section */

/* Begin XCConfigurationList section */
		CB14D54E1A7B58450065EFD7 /* Build configuration list for PBXProject "SuperID_SwiftDemo" */ = {
			isa = XCConfigurationList;
			buildConfigurations = (
				CB14D5701A7B58450065EFD7 /* Debug */,
				CB14D5711A7B58450065EFD7 /* Release */,
			);
			defaultConfigurationIsVisible = 0;
			defaultConfigurationName = Release;
		};
		CB14D5721A7B58450065EFD7 /* Build configuration list for PBXNativeTarget "SuperID_SwiftDemo" */ = {
			isa = XCConfigurationList;
			buildConfigurations = (
				CB14D5731A7B58450065EFD7 /* Debug */,
				CB14D5741A7B58450065EFD7 /* Release */,
			);
			defaultConfigurationIsVisible = 0;
			defaultConfigurationName = Release;
		};
/* End XCConfigurationList section */
	};
	rootObject = CB14D54B1A7B58450065EFD7 /* Project object */;
}
